// !$*UTF8*$!
{
	archiveVersion = 1;
	classes = {
	};
	objectVersion = 46;
	objects = {

/* Begin PBXBuildFile section */
		1A20DCB60E8FC646B4FE44F7 /* TestSupport.swift in Sources */ = {isa = PBXBuildFile; fileRef = 4A00A4E70D7F0186C8C1FC69 /* TestSupport.swift */; };
		1B9354633114FA2FCAC93C9F /* AppIcon.icns in Resources */ = {isa = PBXBuildFile; fileRef = 225FB4CDE7458C8153E89CDA /* AppIcon.icns */; };
		256A4CDD49C4B71D9FFF197C /* PinRecordTests.swift in Sources */ = {isa = PBXBuildFile; fileRef = E55EC69E7A87F361A21C25DC /* PinRecordTests.swift */; };
		2EA436E1A24F461394690983 /* libSpacePinCore.a in Frameworks */ = {isa = PBXBuildFile; fileRef = C7167D0DFF0BFB9D4DCB2D38 /* libSpacePinCore.a */; };
		4011818FF841E6E976EC9B71 /* ManagerView.swift in Sources */ = {isa = PBXBuildFile; fileRef = 25150261082FB21C25763527 /* ManagerView.swift */; };
		407B49B98DCB6094AC506673 /* AppCoordinator.swift in Sources */ = {isa = PBXBuildFile; fileRef = F9F7D77E5F86B2E946BF067C /* AppCoordinator.swift */; };
		4A6143AADA027FE0E098B58E /* SpacePinPaths.swift in Sources */ = {isa = PBXBuildFile; fileRef = 54CD35F90C5ABF8EBABEB4B9 /* SpacePinPaths.swift */; };
		59F03282CB28BF44C4BDAD9E /* NoteTheme.swift in Sources */ = {isa = PBXBuildFile; fileRef = 5858E564647FD5D8C338CB9B /* NoteTheme.swift */; };
		5CD9A2ABA53A8E0128EC0DAE /* PinItem.swift in Sources */ = {isa = PBXBuildFile; fileRef = 6C88FDAEB3538DF3E1F24E48 /* PinItem.swift */; };
		6959FEB2F7833765054E8BC1 /* PinWindowController.swift in Sources */ = {isa = PBXBuildFile; fileRef = 5CEF70338197637AFF973388 /* PinWindowController.swift */; };
		6D84F268616C47F54B79E034 /* libSpacePinCore.a in Frameworks */ = {isa = PBXBuildFile; fileRef = C7167D0DFF0BFB9D4DCB2D38 /* libSpacePinCore.a */; };
		7280E9AFEC3288FD02368228 /* Cocoa.framework in Frameworks */ = {isa = PBXBuildFile; fileRef = 9300ED067A13F012F74C92B8 /* Cocoa.framework */; };
		86DFB3697CFC110E7A37ABD9 /* ManagerWindowController.swift in Sources */ = {isa = PBXBuildFile; fileRef = 7C174F27B335733CF399B43A /* ManagerWindowController.swift */; };
		87531323BFC2CDB55BF33C38 /* ImageAssetStore.swift in Sources */ = {isa = PBXBuildFile; fileRef = A28BBB16093CC8D88F1D4DA5 /* ImageAssetStore.swift */; };
		876F00C79143EC89EDE08471 /* PinRepositoryTests.swift in Sources */ = {isa = PBXBuildFile; fileRef = D7415ADB5D94A7F5A41F9931 /* PinRepositoryTests.swift */; };
		88580738D04AFA96C1275147 /* AppIcon.icon in Resources */ = {isa = PBXBuildFile; fileRef = EDB82F222352D3122796D0B0 /* AppIcon.icon */; };
		8E46F6168EA94678B88D14F8 /* PinRepository.swift in Sources */ = {isa = PBXBuildFile; fileRef = 07DF94D4D99FD1DA3A0471E4 /* PinRepository.swift */; };
		A84CD717E92C25414468FFA9 /* PinRecord.swift in Sources */ = {isa = PBXBuildFile; fileRef = E792CCB1C3A1ACB17AECE6D8 /* PinRecord.swift */; };
		C219D767E79E9044D2C99FCC /* Localization.swift in Sources */ = {isa = PBXBuildFile; fileRef = 39F9ED571B060905F86495C6 /* Localization.swift */; };
		C52C1696232E5A89D458F45A /* PinPanel.swift in Sources */ = {isa = PBXBuildFile; fileRef = E85B62202E35FC8F91328BCF /* PinPanel.swift */; };
		C588DDF3FC626CDAF89AB844 /* Assets.xcassets in Resources */ = {isa = PBXBuildFile; fileRef = 590B18F94A95B764D7DA77D5 /* Assets.xcassets */; };
		C5AE222D077CC9420607DD1D /* ImageAssetStoreTests.swift in Sources */ = {isa = PBXBuildFile; fileRef = FF7997661C5A3E1FA6F89315 /* ImageAssetStoreTests.swift */; };
		C650820046AE8E457EA312E6 /* SpacePinApp.swift in Sources */ = {isa = PBXBuildFile; fileRef = AEF310F5989F8BD5D2ECF81C /* SpacePinApp.swift */; };
		EC2A086BC50B1DA38FD4AA25 /* localizations.json in Resources */ = {isa = PBXBuildFile; fileRef = FF42E9419D1D10A03292603A /* localizations.json */; };
		EFD049DEB8376359D46FC11A /* PinWindowView.swift in Sources */ = {isa = PBXBuildFile; fileRef = F76B68160DEE46EAA9D25F48 /* PinWindowView.swift */; };
		F702E5EBBC67F2E410DDDE13 /* Cocoa.framework in Frameworks */ = {isa = PBXBuildFile; fileRef = 9300ED067A13F012F74C92B8 /* Cocoa.framework */; };
/* End PBXBuildFile section */

/* Begin PBXContainerItemProxy section */
		4BCCC7283830AAD3EB628557 /* PBXContainerItemProxy */ = {
			isa = PBXContainerItemProxy;
			containerPortal = 5C24A24F1CAAC3389B08DD26 /* Project object */;
			proxyType = 1;
			remoteGlobalIDString = DF7ADB22D7A6FD799914EDF3;
			remoteInfo = SpacePinCore;
		};
		DCD83F337D1D667D2725845B /* PBXContainerItemProxy */ = {
			isa = PBXContainerItemProxy;
			containerPortal = 5C24A24F1CAAC3389B08DD26 /* Project object */;
			proxyType = 1;
			remoteGlobalIDString = DF7ADB22D7A6FD799914EDF3;
			remoteInfo = SpacePinCore;
		};
/* End PBXContainerItemProxy section */

/* Begin PBXFileReference section */
		07DF94D4D99FD1DA3A0471E4 /* PinRepository.swift */ = {isa = PBXFileReference; includeInIndex = 1; lastKnownFileType = sourcecode.swift; path = PinRepository.swift; sourceTree = "<group>"; };
		1BAD53A2083D9827058E2FB7 /* SpacePin-Info.plist */ = {isa = PBXFileReference; includeInIndex = 1; lastKnownFileType = text.plist.xml; path = "SpacePin-Info.plist"; sourceTree = "<group>"; };
		225FB4CDE7458C8153E89CDA /* AppIcon.icns */ = {isa = PBXFileReference; includeInIndex = 1; path = AppIcon.icns; sourceTree = "<group>"; };
		25150261082FB21C25763527 /* ManagerView.swift */ = {isa = PBXFileReference; includeInIndex = 1; lastKnownFileType = sourcecode.swift; path = ManagerView.swift; sourceTree = "<group>"; };
		39F9ED571B060905F86495C6 /* Localization.swift */ = {isa = PBXFileReference; includeInIndex = 1; lastKnownFileType = sourcecode.swift; path = Localization.swift; sourceTree = "<group>"; };
		4A00A4E70D7F0186C8C1FC69 /* TestSupport.swift */ = {isa = PBXFileReference; includeInIndex = 1; lastKnownFileType = sourcecode.swift; path = TestSupport.swift; sourceTree = "<group>"; };
		54CD35F90C5ABF8EBABEB4B9 /* SpacePinPaths.swift */ = {isa = PBXFileReference; includeInIndex = 1; lastKnownFileType = sourcecode.swift; path = SpacePinPaths.swift; sourceTree = "<group>"; };
		5858E564647FD5D8C338CB9B /* NoteTheme.swift */ = {isa = PBXFileReference; includeInIndex = 1; lastKnownFileType = sourcecode.swift; path = NoteTheme.swift; sourceTree = "<group>"; };
		590B18F94A95B764D7DA77D5 /* Assets.xcassets */ = {isa = PBXFileReference; includeInIndex = 1; lastKnownFileType = folder.assetcatalog; path = Assets.xcassets; sourceTree = "<group>"; };
		5CEF70338197637AFF973388 /* PinWindowController.swift */ = {isa = PBXFileReference; includeInIndex = 1; lastKnownFileType = sourcecode.swift; path = PinWindowController.swift; sourceTree = "<group>"; };
		6024CC779EB42E6E3A0CEAE0 /* SpacePinCoreTests.xctest */ = {isa = PBXFileReference; explicitFileType = wrapper.cfbundle; includeInIndex = 0; path = SpacePinCoreTests.xctest; sourceTree = BUILT_PRODUCTS_DIR; };
		6476D8522540FE206048E748 /* SpacePin.entitlements */ = {isa = PBXFileReference; includeInIndex = 1; lastKnownFileType = text.plist.entitlements; path = SpacePin.entitlements; sourceTree = "<group>"; };
		6C88FDAEB3538DF3E1F24E48 /* PinItem.swift */ = {isa = PBXFileReference; includeInIndex = 1; lastKnownFileType = sourcecode.swift; path = PinItem.swift; sourceTree = "<group>"; };
		720032D508D02DB9D3149B6D /* SpacePin.app */ = {isa = PBXFileReference; explicitFileType = wrapper.application; includeInIndex = 0; path = SpacePin.app; sourceTree = BUILT_PRODUCTS_DIR; };
		7C174F27B335733CF399B43A /* ManagerWindowController.swift */ = {isa = PBXFileReference; includeInIndex = 1; lastKnownFileType = sourcecode.swift; path = ManagerWindowController.swift; sourceTree = "<group>"; };
		9300ED067A13F012F74C92B8 /* Cocoa.framework */ = {isa = PBXFileReference; lastKnownFileType = wrapper.framework; name = Cocoa.framework; path = Platforms/MacOSX.platform/Developer/SDKs/MacOSX15.0.sdk/System/Library/Frameworks/Cocoa.framework; sourceTree = DEVELOPER_DIR; };
		A28BBB16093CC8D88F1D4DA5 /* ImageAssetStore.swift */ = {isa = PBXFileReference; includeInIndex = 1; lastKnownFileType = sourcecode.swift; path = ImageAssetStore.swift; sourceTree = "<group>"; };
		AEF310F5989F8BD5D2ECF81C /* SpacePinApp.swift */ = {isa = PBXFileReference; includeInIndex = 1; lastKnownFileType = sourcecode.swift; path = SpacePinApp.swift; sourceTree = "<group>"; };
		C7167D0DFF0BFB9D4DCB2D38 /* libSpacePinCore.a */ = {isa = PBXFileReference; explicitFileType = archive.ar; includeInIndex = 0; path = libSpacePinCore.a; sourceTree = BUILT_PRODUCTS_DIR; };
		D7415ADB5D94A7F5A41F9931 /* PinRepositoryTests.swift */ = {isa = PBXFileReference; includeInIndex = 1; lastKnownFileType = sourcecode.swift; path = PinRepositoryTests.swift; sourceTree = "<group>"; };
		E55EC69E7A87F361A21C25DC /* PinRecordTests.swift */ = {isa = PBXFileReference; includeInIndex = 1; lastKnownFileType = sourcecode.swift; path = PinRecordTests.swift; sourceTree = "<group>"; };
		E792CCB1C3A1ACB17AECE6D8 /* PinRecord.swift */ = {isa = PBXFileReference; includeInIndex = 1; lastKnownFileType = sourcecode.swift; path = PinRecord.swift; sourceTree = "<group>"; };
		E85B62202E35FC8F91328BCF /* PinPanel.swift */ = {isa = PBXFileReference; includeInIndex = 1; lastKnownFileType = sourcecode.swift; path = PinPanel.swift; sourceTree = "<group>"; };
		EDB82F222352D3122796D0B0 /* AppIcon.icon */ = {isa = PBXFileReference; includeInIndex = 1; lastKnownFileType = folder; path = AppIcon.icon; sourceTree = "<group>"; };
		F76B68160DEE46EAA9D25F48 /* PinWindowView.swift */ = {isa = PBXFileReference; includeInIndex = 1; lastKnownFileType = sourcecode.swift; path = PinWindowView.swift; sourceTree = "<group>"; };
		F9F7D77E5F86B2E946BF067C /* AppCoordinator.swift */ = {isa = PBXFileReference; includeInIndex = 1; lastKnownFileType = sourcecode.swift; path = AppCoordinator.swift; sourceTree = "<group>"; };
		FF42E9419D1D10A03292603A /* localizations.json */ = {isa = PBXFileReference; includeInIndex = 1; path = localizations.json; sourceTree = "<group>"; };
		FF7997661C5A3E1FA6F89315 /* ImageAssetStoreTests.swift */ = {isa = PBXFileReference; includeInIndex = 1; lastKnownFileType = sourcecode.swift; path = ImageAssetStoreTests.swift; sourceTree = "<group>"; };
/* End PBXFileReference section */

/* Begin PBXFrameworksBuildPhase section */
		85FDB5B101C061506C1EE057 /* Frameworks */ = {
			isa = PBXFrameworksBuildPhase;
			buildActionMask = 2147483647;
			files = (
				F702E5EBBC67F2E410DDDE13 /* Cocoa.framework in Frameworks */,
				2EA436E1A24F461394690983 /* libSpacePinCore.a in Frameworks */,
			);
			runOnlyForDeploymentPostprocessing = 0;
		};
		C0B0A66DBFBD15282E14BBAC /* Frameworks */ = {
			isa = PBXFrameworksBuildPhase;
			buildActionMask = 2147483647;
			files = (
			);
			runOnlyForDeploymentPostprocessing = 0;
		};
		D978CA1ED62C42187E818857 /* Frameworks */ = {
			isa = PBXFrameworksBuildPhase;
			buildActionMask = 2147483647;
			files = (
				7280E9AFEC3288FD02368228 /* Cocoa.framework in Frameworks */,
				6D84F268616C47F54B79E034 /* libSpacePinCore.a in Frameworks */,
			);
			runOnlyForDeploymentPostprocessing = 0;
		};
/* End PBXFrameworksBuildPhase section */

/* Begin PBXGroup section */
		14A2CABA6E70C81526F38156 /* SpacePinCore */ = {
			isa = PBXGroup;
			children = (
				A28BBB16093CC8D88F1D4DA5 /* ImageAssetStore.swift */,
				E792CCB1C3A1ACB17AECE6D8 /* PinRecord.swift */,
				07DF94D4D99FD1DA3A0471E4 /* PinRepository.swift */,
				54CD35F90C5ABF8EBABEB4B9 /* SpacePinPaths.swift */,
			);
			name = SpacePinCore;
			path = SpacePinCore;
			sourceTree = "<group>";
		};
		45995F06D01B108CB0520755 /* SpacePin */ = {
			isa = PBXGroup;
			children = (
				E20E6F3232A7877FA1DC778A /* Resources */,
				F9F7D77E5F86B2E946BF067C /* AppCoordinator.swift */,
				39F9ED571B060905F86495C6 /* Localization.swift */,
				25150261082FB21C25763527 /* ManagerView.swift */,
				7C174F27B335733CF399B43A /* ManagerWindowController.swift */,
				5858E564647FD5D8C338CB9B /* NoteTheme.swift */,
				6C88FDAEB3538DF3E1F24E48 /* PinItem.swift */,
				E85B62202E35FC8F91328BCF /* PinPanel.swift */,
				5CEF70338197637AFF973388 /* PinWindowController.swift */,
				F76B68160DEE46EAA9D25F48 /* PinWindowView.swift */,
				AEF310F5989F8BD5D2ECF81C /* SpacePinApp.swift */,
			);
			name = SpacePin;
			path = SpacePin;
			sourceTree = "<group>";
		};
		55DABE689A0054B03F9301C4 /* Products */ = {
			isa = PBXGroup;
			children = (
				720032D508D02DB9D3149B6D /* SpacePin.app */,
				C7167D0DFF0BFB9D4DCB2D38 /* libSpacePinCore.a */,
				6024CC779EB42E6E3A0CEAE0 /* SpacePinCoreTests.xctest */,
			);
			name = Products;
			sourceTree = "<group>";
		};
		87CF66272EC8411403943E06 /* Assets.xcassets */ = {
			isa = PBXGroup;
			children = (
			);
			name = Assets.xcassets;
			path = Assets.xcassets;
			sourceTree = "<group>";
		};
		AB681C2B8B63BDDD6B7B602A /* OS X */ = {
			isa = PBXGroup;
			children = (
				9300ED067A13F012F74C92B8 /* Cocoa.framework */,
			);
			name = "OS X";
			sourceTree = "<group>";
		};
		C2F5053415ABE12BE4EB6150 /* SpacePinCoreTests */ = {
			isa = PBXGroup;
			children = (
				FF7997661C5A3E1FA6F89315 /* ImageAssetStoreTests.swift */,
				E55EC69E7A87F361A21C25DC /* PinRecordTests.swift */,
				D7415ADB5D94A7F5A41F9931 /* PinRepositoryTests.swift */,
				4A00A4E70D7F0186C8C1FC69 /* TestSupport.swift */,
			);
			name = SpacePinCoreTests;
			path = SpacePinCoreTests;
			sourceTree = "<group>";
		};
		D23018B8DB47D0F2AC8F20EA /* Sources */ = {
			isa = PBXGroup;
			children = (
				45995F06D01B108CB0520755 /* SpacePin */,
				14A2CABA6E70C81526F38156 /* SpacePinCore */,
			);
			name = Sources;
			path = Sources;
			sourceTree = "<group>";
		};
		D5963DB6EB1A660087295FE6 /* Tests */ = {
			isa = PBXGroup;
			children = (
				C2F5053415ABE12BE4EB6150 /* SpacePinCoreTests */,
			);
			name = Tests;
			path = Tests;
			sourceTree = "<group>";
		};
		E20E6F3232A7877FA1DC778A /* Resources */ = {
			isa = PBXGroup;
			children = (
				FF42E9419D1D10A03292603A /* localizations.json */,
			);
			name = Resources;
			path = Resources;
			sourceTree = "<group>";
		};
		EBB837F8A67181CCE07CC8F1 /* Support */ = {
			isa = PBXGroup;
			children = (
				87CF66272EC8411403943E06 /* Assets.xcassets */,
				1BAD53A2083D9827058E2FB7 /* SpacePin-Info.plist */,
				6476D8522540FE206048E748 /* SpacePin.entitlements */,
				590B18F94A95B764D7DA77D5 /* Assets.xcassets */,
				EDB82F222352D3122796D0B0 /* AppIcon.icon */,
				225FB4CDE7458C8153E89CDA /* AppIcon.icns */,
			);
			name = Support;
			path = Support;
			sourceTree = "<group>";
		};
		EF0D8FEE70082227302621A6 = {
			isa = PBXGroup;
			children = (
				55DABE689A0054B03F9301C4 /* Products */,
				F99F08E1BCAA5EC1E698C23E /* Frameworks */,
				D23018B8DB47D0F2AC8F20EA /* Sources */,
				D5963DB6EB1A660087295FE6 /* Tests */,
				EBB837F8A67181CCE07CC8F1 /* Support */,
			);
			sourceTree = "<group>";
		};
		F99F08E1BCAA5EC1E698C23E /* Frameworks */ = {
			isa = PBXGroup;
			children = (
				AB681C2B8B63BDDD6B7B602A /* OS X */,
			);
			name = Frameworks;
			sourceTree = "<group>";
		};
/* End PBXGroup section */

/* Begin PBXHeadersBuildPhase section */
		405DF48753591047D5D7CFE9 /* Headers */ = {
			isa = PBXHeadersBuildPhase;
			buildActionMask = 2147483647;
			files = (
			);
			runOnlyForDeploymentPostprocessing = 0;
		};
/* End PBXHeadersBuildPhase section */

/* Begin PBXNativeTarget section */
		4694E5B62B5F9418084888A6 /* SpacePinCoreTests */ = {
			isa = PBXNativeTarget;
			buildConfigurationList = 878F8207CCB91A130E6EDC32 /* Build configuration list for PBXNativeTarget "SpacePinCoreTests" */;
			buildPhases = (
				50FE44106C7262635ACC1038 /* Sources */,
				D978CA1ED62C42187E818857 /* Frameworks */,
				090975C6CF5D6F9FA71DA8D4 /* Resources */,
			);
			buildRules = (
			);
			dependencies = (
				DF4A053476435DA851788EA7 /* PBXTargetDependency */,
			);
			name = SpacePinCoreTests;
			productName = SpacePinCoreTests;
			productReference = 6024CC779EB42E6E3A0CEAE0 /* SpacePinCoreTests.xctest */;
			productType = "com.apple.product-type.bundle.unit-test";
		};
		DF7ADB22D7A6FD799914EDF3 /* SpacePinCore */ = {
			isa = PBXNativeTarget;
			buildConfigurationList = 449B40850544D4915D16F6F7 /* Build configuration list for PBXNativeTarget "SpacePinCore" */;
			buildPhases = (
				405DF48753591047D5D7CFE9 /* Headers */,
				1672FDBC02BD019164BCDFE9 /* Sources */,
				C0B0A66DBFBD15282E14BBAC /* Frameworks */,
			);
			buildRules = (
			);
			dependencies = (
			);
			name = SpacePinCore;
			productName = SpacePinCore;
			productReference = C7167D0DFF0BFB9D4DCB2D38 /* libSpacePinCore.a */;
			productType = "com.apple.product-type.library.static";
		};
		FD269A87A362AA8EED097713 /* SpacePin */ = {
			isa = PBXNativeTarget;
			buildConfigurationList = A6A4C65B55727ED0FDFC7528 /* Build configuration list for PBXNativeTarget "SpacePin" */;
			buildPhases = (
				BF5D635DA4E9372551271271 /* Sources */,
				85FDB5B101C061506C1EE057 /* Frameworks */,
				62236752F95CD5334608EE79 /* Resources */,
			);
			buildRules = (
			);
			dependencies = (
				361C40E8E2DC70AEDB9C36D4 /* PBXTargetDependency */,
			);
			name = SpacePin;
			productName = SpacePin;
			productReference = 720032D508D02DB9D3149B6D /* SpacePin.app */;
			productType = "com.apple.product-type.application";
		};
/* End PBXNativeTarget section */

/* Begin PBXProject section */
		5C24A24F1CAAC3389B08DD26 /* Project object */ = {
			isa = PBXProject;
			attributes = {
				LastSwiftUpdateCheck = 1600;
				LastUpgradeCheck = 1620;
			};
			buildConfigurationList = 76F90C5C683FE2CB83D5C88F /* Build configuration list for PBXProject "SpacePin" */;
			compatibilityVersion = "Xcode 3.2";
			developmentRegion = en;
			hasScannedForEncodings = 0;
			knownRegions = (
				en,
				Base,
			);
			mainGroup = EF0D8FEE70082227302621A6;
			minimizedProjectReferenceProxies = 0;
			preferredProjectObjectVersion = 77;
			productRefGroup = 55DABE689A0054B03F9301C4 /* Products */;
			projectDirPath = "";
			projectRoot = "";
			targets = (
				FD269A87A362AA8EED097713 /* SpacePin */,
				DF7ADB22D7A6FD799914EDF3 /* SpacePinCore */,
				4694E5B62B5F9418084888A6 /* SpacePinCoreTests */,
			);
		};
/* End PBXProject section */

/* Begin PBXResourcesBuildPhase section */
		090975C6CF5D6F9FA71DA8D4 /* Resources */ = {
			isa = PBXResourcesBuildPhase;
			buildActionMask = 2147483647;
			files = (
			);
			runOnlyForDeploymentPostprocessing = 0;
		};
		62236752F95CD5334608EE79 /* Resources */ = {
			isa = PBXResourcesBuildPhase;
			buildActionMask = 2147483647;
			files = (
				C588DDF3FC626CDAF89AB844 /* Assets.xcassets in Resources */,
				88580738D04AFA96C1275147 /* AppIcon.icon in Resources */,
				1B9354633114FA2FCAC93C9F /* AppIcon.icns in Resources */,
				EC2A086BC50B1DA38FD4AA25 /* localizations.json in Resources */,
			);
			runOnlyForDeploymentPostprocessing = 0;
		};
/* End PBXResourcesBuildPhase section */

/* Begin PBXSourcesBuildPhase section */
		1672FDBC02BD019164BCDFE9 /* Sources */ = {
			isa = PBXSourcesBuildPhase;
			buildActionMask = 2147483647;
			files = (
				87531323BFC2CDB55BF33C38 /* ImageAssetStore.swift in Sources */,
				A84CD717E92C25414468FFA9 /* PinRecord.swift in Sources */,
				8E46F6168EA94678B88D14F8 /* PinRepository.swift in Sources */,
				4A6143AADA027FE0E098B58E /* SpacePinPaths.swift in Sources */,
			);
			runOnlyForDeploymentPostprocessing = 0;
		};
		50FE44106C7262635ACC1038 /* Sources */ = {
			isa = PBXSourcesBuildPhase;
			buildActionMask = 2147483647;
			files = (
				C5AE222D077CC9420607DD1D /* ImageAssetStoreTests.swift in Sources */,
				256A4CDD49C4B71D9FFF197C /* PinRecordTests.swift in Sources */,
				876F00C79143EC89EDE08471 /* PinRepositoryTests.swift in Sources */,
				1A20DCB60E8FC646B4FE44F7 /* TestSupport.swift in Sources */,
			);
			runOnlyForDeploymentPostprocessing = 0;
		};
		BF5D635DA4E9372551271271 /* Sources */ = {
			isa = PBXSourcesBuildPhase;
			buildActionMask = 2147483647;
			files = (
				407B49B98DCB6094AC506673 /* AppCoordinator.swift in Sources */,
				C219D767E79E9044D2C99FCC /* Localization.swift in Sources */,
				4011818FF841E6E976EC9B71 /* ManagerView.swift in Sources */,
				86DFB3697CFC110E7A37ABD9 /* ManagerWindowController.swift in Sources */,
				59F03282CB28BF44C4BDAD9E /* NoteTheme.swift in Sources */,
				5CD9A2ABA53A8E0128EC0DAE /* PinItem.swift in Sources */,
				C52C1696232E5A89D458F45A /* PinPanel.swift in Sources */,
				6959FEB2F7833765054E8BC1 /* PinWindowController.swift in Sources */,
				EFD049DEB8376359D46FC11A /* PinWindowView.swift in Sources */,
				C650820046AE8E457EA312E6 /* SpacePinApp.swift in Sources */,
			);
			runOnlyForDeploymentPostprocessing = 0;
		};
/* End PBXSourcesBuildPhase section */

/* Begin PBXTargetDependency section */
		361C40E8E2DC70AEDB9C36D4 /* PBXTargetDependency */ = {
			isa = PBXTargetDependency;
			name = SpacePinCore;
			target = DF7ADB22D7A6FD799914EDF3 /* SpacePinCore */;
			targetProxy = DCD83F337D1D667D2725845B /* PBXContainerItemProxy */;
		};
		DF4A053476435DA851788EA7 /* PBXTargetDependency */ = {
			isa = PBXTargetDependency;
			name = SpacePinCore;
			target = DF7ADB22D7A6FD799914EDF3 /* SpacePinCore */;
			targetProxy = 4BCCC7283830AAD3EB628557 /* PBXContainerItemProxy */;
		};
/* End PBXTargetDependency section */

/* Begin XCBuildConfiguration section */
		6EC1526937A0D5EEA3BB8219 /* Release */ = {
			isa = XCBuildConfiguration;
			buildSettings = {
				ASSETCATALOG_COMPILER_APPICON_NAME = AppIcon;
				ASSETCATALOG_COMPILER_GLOBAL_ACCENT_COLOR_NAME = AccentColor;
				ASSETCATALOG_COMPILER_INCLUDE_ALL_APPICON_ASSETS = YES;
				CLANG_ENABLE_MODULES = YES;
				CODE_SIGNING_ALLOWED = YES;
				CODE_SIGN_ENTITLEMENTS = Support/SpacePin.entitlements;
				CODE_SIGN_STYLE = Automatic;
				COMBINE_HIDPI_IMAGES = YES;
				CURRENT_PROJECT_VERSION = 1;
				DEVELOPMENT_TEAM = TQW4K2Z6UW;
				ENABLE_HARDENED_RUNTIME = YES;
				INFOPLIST_FILE = "Support/SpacePin-Info.plist";
				LD_RUNPATH_SEARCH_PATHS = "$(inherited) @executable_path/../Frameworks";
				MACOSX_DEPLOYMENT_TARGET = 13.0;
				MARKETING_VERSION = 1.0.0;
				PRODUCT_BUNDLE_IDENTIFIER = com.zoochigames.spacepin;
				PRODUCT_NAME = "$(TARGET_NAME)";
				SDKROOT = macosx;
				SKIP_INSTALL = NO;
				SWIFT_VERSION = 6.0;
			};
			name = Release;
		};
		6FF56AEFD08CB7F52E61404B /* Debug */ = {
			isa = XCBuildConfiguration;
			buildSettings = {
				ALWAYS_SEARCH_USER_PATHS = NO;
				CLANG_ANALYZER_NONNULL = YES;
				CLANG_ANALYZER_NUMBER_OBJECT_CONVERSION = YES_AGGRESSIVE;
				CLANG_CXX_LANGUAGE_STANDARD = "gnu++14";
				CLANG_CXX_LIBRARY = "libc++";
				CLANG_ENABLE_MODULES = YES;
				CLANG_ENABLE_OBJC_ARC = YES;
				CLANG_ENABLE_OBJC_WEAK = YES;
				CLANG_WARN_BLOCK_CAPTURE_AUTORELEASING = YES;
				CLANG_WARN_BOOL_CONVERSION = YES;
				CLANG_WARN_COMMA = YES;
				CLANG_WARN_CONSTANT_CONVERSION = YES;
				CLANG_WARN_DEPRECATED_OBJC_IMPLEMENTATIONS = YES;
				CLANG_WARN_DIRECT_OBJC_ISA_USAGE = YES_ERROR;
				CLANG_WARN_DOCUMENTATION_COMMENTS = YES;
				CLANG_WARN_EMPTY_BODY = YES;
				CLANG_WARN_ENUM_CONVERSION = YES;
				CLANG_WARN_INFINITE_RECURSION = YES;
				CLANG_WARN_INT_CONVERSION = YES;
				CLANG_WARN_NON_LITERAL_NULL_CONVERSION = YES;
				CLANG_WARN_OBJC_IMPLICIT_RETAIN_SELF = YES;
				CLANG_WARN_OBJC_LITERAL_CONVERSION = YES;
				CLANG_WARN_OBJC_ROOT_CLASS = YES_ERROR;
				CLANG_WARN_QUOTED_INCLUDE_IN_FRAMEWORK_HEADER = YES;
				CLANG_WARN_RANGE_LOOP_ANALYSIS = YES;
				CLANG_WARN_STRICT_PROTOTYPES = YES;
				CLANG_WARN_SUSPICIOUS_MOVE = YES;
				CLANG_WARN_UNGUARDED_AVAILABILITY = YES_AGGRESSIVE;
				CLANG_WARN_UNREACHABLE_CODE = YES;
				CLANG_WARN__DUPLICATE_METHOD_MATCH = YES;
				CODE_SIGN_STYLE = Automatic;
				COPY_PHASE_STRIP = NO;
				DEBUG_INFORMATION_FORMAT = dwarf;
				ENABLE_STRICT_OBJC_MSGSEND = YES;
				ENABLE_TESTABILITY = YES;
				GCC_C_LANGUAGE_STANDARD = gnu11;
				GCC_DYNAMIC_NO_PIC = NO;
				GCC_NO_COMMON_BLOCKS = YES;
				GCC_OPTIMIZATION_LEVEL = 0;
				GCC_PREPROCESSOR_DEFINITIONS = (
					"DEBUG=1",
					"$(inherited)",
				);
				GCC_WARN_64_TO_32_BIT_CONVERSION = YES;
				GCC_WARN_ABOUT_RETURN_TYPE = YES_ERROR;
				GCC_WARN_UNDECLARED_SELECTOR = YES;
				GCC_WARN_UNINITIALIZED_AUTOS = YES_AGGRESSIVE;
				GCC_WARN_UNUSED_FUNCTION = YES;
				GCC_WARN_UNUSED_VARIABLE = YES;
				MACOSX_DEPLOYMENT_TARGET = 13.0;
				MTL_ENABLE_DEBUG_INFO = INCLUDE_SOURCE;
				MTL_FAST_MATH = YES;
				ONLY_ACTIVE_ARCH = YES;
				PRODUCT_NAME = "$(TARGET_NAME)";
				SWIFT_ACTIVE_COMPILATION_CONDITIONS = DEBUG;
				SWIFT_OPTIMIZATION_LEVEL = "-Onone";
				SWIFT_VERSION = 6.0;
			};
			name = Debug;
		};
		9B77E1996BA2EFFACE17AA26 /* Debug */ = {
			isa = XCBuildConfiguration;
			buildSettings = {
				CLANG_ENABLE_MODULES = YES;
				CODE_SIGNING_ALLOWED = YES;
				CODE_SIGN_STYLE = Automatic;
				CURRENT_PROJECT_VERSION = 1;
				DEFINES_MODULE = YES;
				DEVELOPMENT_TEAM = TQW4K2Z6UW;
				ENABLE_HARDENED_RUNTIME = YES;
				EXECUTABLE_PREFIX = lib;
				MACH_O_TYPE = staticlib;
				MACOSX_DEPLOYMENT_TARGET = 13.0;
				MARKETING_VERSION = 1.0.0;
				PRODUCT_BUNDLE_IDENTIFIER = com.zoochigames.spacepin.core;
				PRODUCT_NAME = "$(TARGET_NAME)";
				SDKROOT = macosx;
				SKIP_INSTALL = YES;
				SWIFT_VERSION = 6.0;
			};
			name = Debug;
		};
		B522FCF290DA6FEFED992B17 /* Debug */ = {
			isa = XCBuildConfiguration;
			buildSettings = {
				BUNDLE_LOADER = "";
				CLANG_ENABLE_MODULES = YES;
				CODE_SIGNING_ALLOWED = NO;
				CODE_SIGN_STYLE = Automatic;
				CURRENT_PROJECT_VERSION = 1;
				DEVELOPMENT_TEAM = TQW4K2Z6UW;
				ENABLE_HARDENED_RUNTIME = YES;
				GENERATE_INFOPLIST_FILE = YES;
				MACOSX_DEPLOYMENT_TARGET = 13.0;
				MARKETING_VERSION = 1.0.0;
				PRODUCT_BUNDLE_IDENTIFIER = com.zoochigames.spacepin.tests;
				PRODUCT_NAME = "$(TARGET_NAME)";
				SDKROOT = macosx;
				SKIP_INSTALL = YES;
				SWIFT_VERSION = 6.0;
				TEST_HOST = "";
			};
			name = Debug;
		};
		C0265ADCDDEF081C5C1965F5 /* Release */ = {
			isa = XCBuildConfiguration;
			buildSettings = {
				CLANG_ENABLE_MODULES = YES;
				CODE_SIGNING_ALLOWED = YES;
				CODE_SIGN_STYLE = Automatic;
				CURRENT_PROJECT_VERSION = 1;
				DEFINES_MODULE = YES;
				DEVELOPMENT_TEAM = TQW4K2Z6UW;
				ENABLE_HARDENED_RUNTIME = YES;
				EXECUTABLE_PREFIX = lib;
				MACH_O_TYPE = staticlib;
				MACOSX_DEPLOYMENT_TARGET = 13.0;
				MARKETING_VERSION = 1.0.0;
				PRODUCT_BUNDLE_IDENTIFIER = com.zoochigames.spacepin.core;
				PRODUCT_NAME = "$(TARGET_NAME)";
				SDKROOT = macosx;
				SKIP_INSTALL = YES;
				SWIFT_VERSION = 6.0;
			};
			name = Release;
		};
		CC43B08600AF3BF9D2C1F034 /* Release */ = {
			isa = XCBuildConfiguration;
			buildSettings = {
				BUNDLE_LOADER = "";
				CLANG_ENABLE_MODULES = YES;
				CODE_SIGNING_ALLOWED = NO;
				CODE_SIGN_STYLE = Automatic;
				CURRENT_PROJECT_VERSION = 1;
				DEVELOPMENT_TEAM = TQW4K2Z6UW;
				ENABLE_HARDENED_RUNTIME = YES;
				GENERATE_INFOPLIST_FILE = YES;
				MACOSX_DEPLOYMENT_TARGET = 13.0;
				MARKETING_VERSION = 1.0.0;
				PRODUCT_BUNDLE_IDENTIFIER = com.zoochigames.spacepin.tests;
				PRODUCT_NAME = "$(TARGET_NAME)";
				SDKROOT = macosx;
				SKIP_INSTALL = YES;
				SWIFT_VERSION = 6.0;
				TEST_HOST = "";
			};
			name = Release;
		};
		DD2DE4CE51575EC66B080D83 /* Release */ = {
			isa = XCBuildConfiguration;
			buildSettings = {
				ALWAYS_SEARCH_USER_PATHS = NO;
				CLANG_ANALYZER_NONNULL = YES;
				CLANG_ANALYZER_NUMBER_OBJECT_CONVERSION = YES_AGGRESSIVE;
				CLANG_CXX_LANGUAGE_STANDARD = "gnu++14";
				CLANG_CXX_LIBRARY = "libc++";
				CLANG_ENABLE_MODULES = YES;
				CLANG_ENABLE_OBJC_ARC = YES;
				CLANG_ENABLE_OBJC_WEAK = YES;
				CLANG_WARN_BLOCK_CAPTURE_AUTORELEASING = YES;
				CLANG_WARN_BOOL_CONVERSION = YES;
				CLANG_WARN_COMMA = YES;
				CLANG_WARN_CONSTANT_CONVERSION = YES;
				CLANG_WARN_DEPRECATED_OBJC_IMPLEMENTATIONS = YES;
				CLANG_WARN_DIRECT_OBJC_ISA_USAGE = YES_ERROR;
				CLANG_WARN_DOCUMENTATION_COMMENTS = YES;
				CLANG_WARN_EMPTY_BODY = YES;
				CLANG_WARN_ENUM_CONVERSION = YES;
				CLANG_WARN_INFINITE_RECURSION = YES;
				CLANG_WARN_INT_CONVERSION = YES;
				CLANG_WARN_NON_LITERAL_NULL_CONVERSION = YES;
				CLANG_WARN_OBJC_IMPLICIT_RETAIN_SELF = YES;
				CLANG_WARN_OBJC_LITERAL_CONVERSION = YES;
				CLANG_WARN_OBJC_ROOT_CLASS = YES_ERROR;
				CLANG_WARN_QUOTED_INCLUDE_IN_FRAMEWORK_HEADER = YES;
				CLANG_WARN_RANGE_LOOP_ANALYSIS = YES;
				CLANG_WARN_STRICT_PROTOTYPES = YES;
				CLANG_WARN_SUSPICIOUS_MOVE = YES;
				CLANG_WARN_UNGUARDED_AVAILABILITY = YES_AGGRESSIVE;
				CLANG_WARN_UNREACHABLE_CODE = YES;
				CLANG_WARN__DUPLICATE_METHOD_MATCH = YES;
				CODE_SIGN_STYLE = Automatic;
				COPY_PHASE_STRIP = NO;
				DEBUG_INFORMATION_FORMAT = "dwarf-with-dsym";
				ENABLE_NS_ASSERTIONS = NO;
				ENABLE_STRICT_OBJC_MSGSEND = YES;
				GCC_C_LANGUAGE_STANDARD = gnu11;
				GCC_NO_COMMON_BLOCKS = YES;
				GCC_WARN_64_TO_32_BIT_CONVERSION = YES;
				GCC_WARN_ABOUT_RETURN_TYPE = YES_ERROR;
				GCC_WARN_UNDECLARED_SELECTOR = YES;
				GCC_WARN_UNINITIALIZED_AUTOS = YES_AGGRESSIVE;
				GCC_WARN_UNUSED_FUNCTION = YES;
				GCC_WARN_UNUSED_VARIABLE = YES;
				MACOSX_DEPLOYMENT_TARGET = 13.0;
				MTL_ENABLE_DEBUG_INFO = NO;
				MTL_FAST_MATH = YES;
				PRODUCT_NAME = "$(TARGET_NAME)";
				SWIFT_COMPILATION_MODE = wholemodule;
				SWIFT_OPTIMIZATION_LEVEL = "-O";
				SWIFT_VERSION = 6.0;
			};
			name = Release;
		};
		EACC73824B27C01C3F8812A9 /* Debug */ = {
			isa = XCBuildConfiguration;
			buildSettings = {
				ASSETCATALOG_COMPILER_APPICON_NAME = AppIcon;
				ASSETCATALOG_COMPILER_GLOBAL_ACCENT_COLOR_NAME = AccentColor;
				ASSETCATALOG_COMPILER_INCLUDE_ALL_APPICON_ASSETS = YES;
				CLANG_ENABLE_MODULES = YES;
				CODE_SIGNING_ALLOWED = YES;
				CODE_SIGN_ENTITLEMENTS = Support/SpacePin.entitlements;
				CODE_SIGN_STYLE = Automatic;
				COMBINE_HIDPI_IMAGES = YES;
				CURRENT_PROJECT_VERSION = 1;
				DEVELOPMENT_TEAM = TQW4K2Z6UW;
				ENABLE_HARDENED_RUNTIME = YES;
				INFOPLIST_FILE = "Support/SpacePin-Info.plist";
				LD_RUNPATH_SEARCH_PATHS = "$(inherited) @executable_path/../Frameworks";
				MACOSX_DEPLOYMENT_TARGET = 13.0;
				MARKETING_VERSION = 1.0.0;
				PRODUCT_BUNDLE_IDENTIFIER = com.zoochigames.spacepin;
				PRODUCT_NAME = "$(TARGET_NAME)";
				SDKROOT = macosx;
				SKIP_INSTALL = NO;
				SWIFT_VERSION = 6.0;
			};
			name = Debug;
		};
/* End XCBuildConfiguration section */

/* Begin XCConfigurationList section */
		449B40850544D4915D16F6F7 /* Build configuration list for PBXNativeTarget "SpacePinCore" */ = {
			isa = XCConfigurationList;
			buildConfigurations = (
				C0265ADCDDEF081C5C1965F5 /* Release */,
				9B77E1996BA2EFFACE17AA26 /* Debug */,
			);
			defaultConfigurationIsVisible = 0;
			defaultConfigurationName = Release;
		};
		76F90C5C683FE2CB83D5C88F /* Build configuration list for PBXProject "SpacePin" */ = {
			isa = XCConfigurationList;
			buildConfigurations = (
				6FF56AEFD08CB7F52E61404B /* Debug */,
				DD2DE4CE51575EC66B080D83 /* Release */,
			);
			defaultConfigurationIsVisible = 0;
			defaultConfigurationName = Release;
		};
		878F8207CCB91A130E6EDC32 /* Build configuration list for PBXNativeTarget "SpacePinCoreTests" */ = {
			isa = XCConfigurationList;
			buildConfigurations = (
				CC43B08600AF3BF9D2C1F034 /* Release */,
				B522FCF290DA6FEFED992B17 /* Debug */,
			);
			defaultConfigurationIsVisible = 0;
			defaultConfigurationName = Release;
		};
		A6A4C65B55727ED0FDFC7528 /* Build configuration list for PBXNativeTarget "SpacePin" */ = {
			isa = XCConfigurationList;
			buildConfigurations = (
				6EC1526937A0D5EEA3BB8219 /* Release */,
				EACC73824B27C01C3F8812A9 /* Debug */,
			);
			defaultConfigurationIsVisible = 0;
			defaultConfigurationName = Release;
		};
/* End XCConfigurationList section */
	};
	rootObject = 5C24A24F1CAAC3389B08DD26 /* Project object */;
}
