// !$*UTF8*$!
{
	archiveVersion = 1;
	classes = {
	};
	objectVersion = 46;
	objects = {

/* Begin PBXBuildFile section */
		0A2030AA74B95F0A8A3110FF /* PinPanel.swift in Sources */ = {isa = PBXBuildFile; fileRef = 537C339CF88C88E79A132773 /* PinPanel.swift */; };
		0BBEE589A5D717B0F99F27F6 /* PinRecord.swift in Sources */ = {isa = PBXBuildFile; fileRef = 87500930248A7395117C73BF /* PinRecord.swift */; };
		14F7ED00FD5EE86D423BA44F /* AppIcon.icns in Resources */ = {isa = PBXBuildFile; fileRef = 6BC369C117CB08D96A6A63B9 /* AppIcon.icns */; };
		1DBBABF06D0F0E45AD8C7EC6 /* ManagerView.swift in Sources */ = {isa = PBXBuildFile; fileRef = 2105DC90F1D252401F5FB3B3 /* ManagerView.swift */; };
		282097D896800856FED2CEE6 /* SpacePinApp.swift in Sources */ = {isa = PBXBuildFile; fileRef = 7850F69DFE578C8040AAD6AE /* SpacePinApp.swift */; };
		2CFEF6FF2C99D4BCB9F25537 /* ImageAssetStoreTests.swift in Sources */ = {isa = PBXBuildFile; fileRef = 2B59113989793F902D04728E /* ImageAssetStoreTests.swift */; };
		2D50C0B9295EA386AA5B5DAE /* Cocoa.framework in Frameworks */ = {isa = PBXBuildFile; fileRef = F8B793113B0416150C39825F /* Cocoa.framework */; };
		385593877A1250D15CDB3EFE /* Cocoa.framework in Frameworks */ = {isa = PBXBuildFile; fileRef = F8B793113B0416150C39825F /* Cocoa.framework */; };
		4587B00F676F129688B01268 /* SpacePinPaths.swift in Sources */ = {isa = PBXBuildFile; fileRef = 8182E7CDFB9087C0EA28FCC7 /* SpacePinPaths.swift */; };
		47C9B7E8D5590ED735FD2E99 /* libSpacePinCore.a in Frameworks */ = {isa = PBXBuildFile; fileRef = BAD2CEC83D42E70DBB8B9600 /* libSpacePinCore.a */; };
		492E37881CA074D1F42108EA /* Localization.swift in Sources */ = {isa = PBXBuildFile; fileRef = 04A9BDE1F87E125DEE3EF326 /* Localization.swift */; };
		4C4F1DD3D81F1275F2889734 /* Assets.xcassets in Resources */ = {isa = PBXBuildFile; fileRef = 97833F64BEC271624F898FD2 /* Assets.xcassets */; };
		5B05C779CBC38EF12EF5D315 /* PinRepositoryTests.swift in Sources */ = {isa = PBXBuildFile; fileRef = A91E017331666D410EF26F4F /* PinRepositoryTests.swift */; };
		5D0D1032FE6C60306B7D7676 /* PinRecordTests.swift in Sources */ = {isa = PBXBuildFile; fileRef = AAEB8D8665B91A0E74B5EA13 /* PinRecordTests.swift */; };
		785C4760A24D91548DCF8ADA /* AppCoordinator.swift in Sources */ = {isa = PBXBuildFile; fileRef = A3637D7096646286E0A8FDBD /* AppCoordinator.swift */; };
		7E130E00FD7E19EFD4473389 /* PinWindowView.swift in Sources */ = {isa = PBXBuildFile; fileRef = B37792651177A8B4BE6C7D58 /* PinWindowView.swift */; };
		81033074567364C52B0A6708 /* TestSupport.swift in Sources */ = {isa = PBXBuildFile; fileRef = E1A23E984C890B99B4A1F089 /* TestSupport.swift */; };
		85118260B88055A95480BCC9 /* NoteTheme.swift in Sources */ = {isa = PBXBuildFile; fileRef = 4B8F0B52B2E0F8C3C7C7BA09 /* NoteTheme.swift */; };
		9E238EC9D7C5F2A80E4FF09C /* PinItem.swift in Sources */ = {isa = PBXBuildFile; fileRef = 69504F9EFA709298A0540A3B /* PinItem.swift */; };
		A3D67859327A2BA2007EC02B /* ManagerWindowController.swift in Sources */ = {isa = PBXBuildFile; fileRef = B8719A5B1DC7DCAF3EC67EAC /* ManagerWindowController.swift */; };
		B836E7CC07911144586E0707 /* PinRepository.swift in Sources */ = {isa = PBXBuildFile; fileRef = FEDC634999578665DDA8F220 /* PinRepository.swift */; };
		C1EFA05D0E34C634DE2E9772 /* libSpacePinCore.a in Frameworks */ = {isa = PBXBuildFile; fileRef = BAD2CEC83D42E70DBB8B9600 /* libSpacePinCore.a */; };
		CB4EF96CC97B55345F76E22D /* AppIcon.icon in Resources */ = {isa = PBXBuildFile; fileRef = 90BEADC2A2B18794BA4D9C20 /* AppIcon.icon */; };
		CB996DD4E617A31439E24830 /* PinWindowController.swift in Sources */ = {isa = PBXBuildFile; fileRef = D7D8CBED35A3B134F70AF629 /* PinWindowController.swift */; };
		EB86A593C8C9636A129E3D6A /* localizations.json in Resources */ = {isa = PBXBuildFile; fileRef = 79AF7C7D4F421D1C7DD30190 /* localizations.json */; };
		F0A91D4ECEF5DF5C41D839D1 /* ImageAssetStore.swift in Sources */ = {isa = PBXBuildFile; fileRef = 5269DA71AF394CECEEBEDF41 /* ImageAssetStore.swift */; };
/* End PBXBuildFile section */

/* Begin PBXContainerItemProxy section */
		79C186F8B468F1673FB0F517 /* PBXContainerItemProxy */ = {
			isa = PBXContainerItemProxy;
			containerPortal = 08A626C4E0618E8D22793C7F /* Project object */;
			proxyType = 1;
			remoteGlobalIDString = A1FD1C9911C64870FAF9B44E;
			remoteInfo = SpacePinCore;
		};
		AF20918FE9DC412C28072AD5 /* PBXContainerItemProxy */ = {
			isa = PBXContainerItemProxy;
			containerPortal = 08A626C4E0618E8D22793C7F /* Project object */;
			proxyType = 1;
			remoteGlobalIDString = A1FD1C9911C64870FAF9B44E;
			remoteInfo = SpacePinCore;
		};
/* End PBXContainerItemProxy section */

/* Begin PBXFileReference section */
		04A9BDE1F87E125DEE3EF326 /* Localization.swift */ = {isa = PBXFileReference; includeInIndex = 1; lastKnownFileType = sourcecode.swift; path = Localization.swift; sourceTree = "<group>"; };
		2105DC90F1D252401F5FB3B3 /* ManagerView.swift */ = {isa = PBXFileReference; includeInIndex = 1; lastKnownFileType = sourcecode.swift; path = ManagerView.swift; sourceTree = "<group>"; };
		2B59113989793F902D04728E /* ImageAssetStoreTests.swift */ = {isa = PBXFileReference; includeInIndex = 1; lastKnownFileType = sourcecode.swift; path = ImageAssetStoreTests.swift; sourceTree = "<group>"; };
		4B8F0B52B2E0F8C3C7C7BA09 /* NoteTheme.swift */ = {isa = PBXFileReference; includeInIndex = 1; lastKnownFileType = sourcecode.swift; path = NoteTheme.swift; sourceTree = "<group>"; };
		5269DA71AF394CECEEBEDF41 /* ImageAssetStore.swift */ = {isa = PBXFileReference; includeInIndex = 1; lastKnownFileType = sourcecode.swift; path = ImageAssetStore.swift; sourceTree = "<group>"; };
		537C339CF88C88E79A132773 /* PinPanel.swift */ = {isa = PBXFileReference; includeInIndex = 1; lastKnownFileType = sourcecode.swift; path = PinPanel.swift; sourceTree = "<group>"; };
		69504F9EFA709298A0540A3B /* PinItem.swift */ = {isa = PBXFileReference; includeInIndex = 1; lastKnownFileType = sourcecode.swift; path = PinItem.swift; sourceTree = "<group>"; };
		6BC369C117CB08D96A6A63B9 /* AppIcon.icns */ = {isa = PBXFileReference; includeInIndex = 1; path = AppIcon.icns; sourceTree = "<group>"; };
		7850F69DFE578C8040AAD6AE /* SpacePinApp.swift */ = {isa = PBXFileReference; includeInIndex = 1; lastKnownFileType = sourcecode.swift; path = SpacePinApp.swift; sourceTree = "<group>"; };
		79AF7C7D4F421D1C7DD30190 /* localizations.json */ = {isa = PBXFileReference; includeInIndex = 1; path = localizations.json; sourceTree = "<group>"; };
		8182E7CDFB9087C0EA28FCC7 /* SpacePinPaths.swift */ = {isa = PBXFileReference; includeInIndex = 1; lastKnownFileType = sourcecode.swift; path = SpacePinPaths.swift; sourceTree = "<group>"; };
		87500930248A7395117C73BF /* PinRecord.swift */ = {isa = PBXFileReference; includeInIndex = 1; lastKnownFileType = sourcecode.swift; path = PinRecord.swift; sourceTree = "<group>"; };
		90BEADC2A2B18794BA4D9C20 /* AppIcon.icon */ = {isa = PBXFileReference; includeInIndex = 1; lastKnownFileType = folder; path = AppIcon.icon; sourceTree = "<group>"; };
		97833F64BEC271624F898FD2 /* Assets.xcassets */ = {isa = PBXFileReference; includeInIndex = 1; lastKnownFileType = folder.assetcatalog; path = Assets.xcassets; sourceTree = "<group>"; };
		A0E93ECEB57FAB8AE4E0BAC3 /* SpacePin.app */ = {isa = PBXFileReference; explicitFileType = wrapper.application; includeInIndex = 0; path = SpacePin.app; sourceTree = BUILT_PRODUCTS_DIR; };
		A3637D7096646286E0A8FDBD /* AppCoordinator.swift */ = {isa = PBXFileReference; includeInIndex = 1; lastKnownFileType = sourcecode.swift; path = AppCoordinator.swift; sourceTree = "<group>"; };
		A91E017331666D410EF26F4F /* PinRepositoryTests.swift */ = {isa = PBXFileReference; includeInIndex = 1; lastKnownFileType = sourcecode.swift; path = PinRepositoryTests.swift; sourceTree = "<group>"; };
		AAEB8D8665B91A0E74B5EA13 /* PinRecordTests.swift */ = {isa = PBXFileReference; includeInIndex = 1; lastKnownFileType = sourcecode.swift; path = PinRecordTests.swift; sourceTree = "<group>"; };
		B37792651177A8B4BE6C7D58 /* PinWindowView.swift */ = {isa = PBXFileReference; includeInIndex = 1; lastKnownFileType = sourcecode.swift; path = PinWindowView.swift; sourceTree = "<group>"; };
		B8719A5B1DC7DCAF3EC67EAC /* ManagerWindowController.swift */ = {isa = PBXFileReference; includeInIndex = 1; lastKnownFileType = sourcecode.swift; path = ManagerWindowController.swift; sourceTree = "<group>"; };
		B97EC48A98A66B60CC9ED906 /* SpacePin.entitlements */ = {isa = PBXFileReference; includeInIndex = 1; lastKnownFileType = text.plist.entitlements; path = SpacePin.entitlements; sourceTree = "<group>"; };
		BAD2CEC83D42E70DBB8B9600 /* libSpacePinCore.a */ = {isa = PBXFileReference; explicitFileType = archive.ar; includeInIndex = 0; path = libSpacePinCore.a; sourceTree = BUILT_PRODUCTS_DIR; };
		D7D8CBED35A3B134F70AF629 /* PinWindowController.swift */ = {isa = PBXFileReference; includeInIndex = 1; lastKnownFileType = sourcecode.swift; path = PinWindowController.swift; sourceTree = "<group>"; };
		D975E387069B3273E3572161 /* SpacePinCoreTests.xctest */ = {isa = PBXFileReference; explicitFileType = wrapper.cfbundle; includeInIndex = 0; path = SpacePinCoreTests.xctest; sourceTree = BUILT_PRODUCTS_DIR; };
		E1A23E984C890B99B4A1F089 /* TestSupport.swift */ = {isa = PBXFileReference; includeInIndex = 1; lastKnownFileType = sourcecode.swift; path = TestSupport.swift; sourceTree = "<group>"; };
		F8B793113B0416150C39825F /* Cocoa.framework */ = {isa = PBXFileReference; lastKnownFileType = wrapper.framework; name = Cocoa.framework; path = Platforms/MacOSX.platform/Developer/SDKs/MacOSX15.0.sdk/System/Library/Frameworks/Cocoa.framework; sourceTree = DEVELOPER_DIR; };
		F9969B17704B29FAF035C8FA /* SpacePin-Info.plist */ = {isa = PBXFileReference; includeInIndex = 1; lastKnownFileType = text.plist.xml; path = "SpacePin-Info.plist"; sourceTree = "<group>"; };
		FEDC634999578665DDA8F220 /* PinRepository.swift */ = {isa = PBXFileReference; includeInIndex = 1; lastKnownFileType = sourcecode.swift; path = PinRepository.swift; sourceTree = "<group>"; };
/* End PBXFileReference section */

/* Begin PBXFrameworksBuildPhase section */
		4C64B8CFECDD52EFFAD15BB5 /* Frameworks */ = {
			isa = PBXFrameworksBuildPhase;
			buildActionMask = 2147483647;
			files = (
				385593877A1250D15CDB3EFE /* Cocoa.framework in Frameworks */,
				47C9B7E8D5590ED735FD2E99 /* libSpacePinCore.a in Frameworks */,
			);
			runOnlyForDeploymentPostprocessing = 0;
		};
		659DD426744DA4690BB17706 /* Frameworks */ = {
			isa = PBXFrameworksBuildPhase;
			buildActionMask = 2147483647;
			files = (
			);
			runOnlyForDeploymentPostprocessing = 0;
		};
		C77DE3ECE9B88BB8DDDBAB73 /* Frameworks */ = {
			isa = PBXFrameworksBuildPhase;
			buildActionMask = 2147483647;
			files = (
				2D50C0B9295EA386AA5B5DAE /* Cocoa.framework in Frameworks */,
				C1EFA05D0E34C634DE2E9772 /* libSpacePinCore.a in Frameworks */,
			);
			runOnlyForDeploymentPostprocessing = 0;
		};
/* End PBXFrameworksBuildPhase section */

/* Begin PBXGroup section */
		241A9F27A26386679C897D94 /* Products */ = {
			isa = PBXGroup;
			children = (
				A0E93ECEB57FAB8AE4E0BAC3 /* SpacePin.app */,
				BAD2CEC83D42E70DBB8B9600 /* libSpacePinCore.a */,
				D975E387069B3273E3572161 /* SpacePinCoreTests.xctest */,
			);
			name = Products;
			sourceTree = "<group>";
		};
		32625B33DEC2112FC27CB88D /* Assets.xcassets */ = {
			isa = PBXGroup;
			children = (
			);
			name = Assets.xcassets;
			path = Assets.xcassets;
			sourceTree = "<group>";
		};
		55EF4E7ADC6C94B5A81BF356 /* Tests */ = {
			isa = PBXGroup;
			children = (
				B4C7D26845C39EC4899EF821 /* SpacePinCoreTests */,
			);
			name = Tests;
			path = Tests;
			sourceTree = "<group>";
		};
		5E058C8C872A361214EAADBA /* Resources */ = {
			isa = PBXGroup;
			children = (
				79AF7C7D4F421D1C7DD30190 /* localizations.json */,
			);
			name = Resources;
			path = Resources;
			sourceTree = "<group>";
		};
		6AA0035519344A80A7166186 /* Support */ = {
			isa = PBXGroup;
			children = (
				32625B33DEC2112FC27CB88D /* Assets.xcassets */,
				F9969B17704B29FAF035C8FA /* SpacePin-Info.plist */,
				B97EC48A98A66B60CC9ED906 /* SpacePin.entitlements */,
				97833F64BEC271624F898FD2 /* Assets.xcassets */,
				90BEADC2A2B18794BA4D9C20 /* AppIcon.icon */,
				6BC369C117CB08D96A6A63B9 /* AppIcon.icns */,
			);
			name = Support;
			path = Support;
			sourceTree = "<group>";
		};
		7A4A3197692D12D4F5665087 /* OS X */ = {
			isa = PBXGroup;
			children = (
				F8B793113B0416150C39825F /* Cocoa.framework */,
			);
			name = "OS X";
			sourceTree = "<group>";
		};
		7CCBA409EEFC1B451B2C6965 /* SpacePin */ = {
			isa = PBXGroup;
			children = (
				5E058C8C872A361214EAADBA /* Resources */,
				A3637D7096646286E0A8FDBD /* AppCoordinator.swift */,
				04A9BDE1F87E125DEE3EF326 /* Localization.swift */,
				2105DC90F1D252401F5FB3B3 /* ManagerView.swift */,
				B8719A5B1DC7DCAF3EC67EAC /* ManagerWindowController.swift */,
				4B8F0B52B2E0F8C3C7C7BA09 /* NoteTheme.swift */,
				69504F9EFA709298A0540A3B /* PinItem.swift */,
				537C339CF88C88E79A132773 /* PinPanel.swift */,
				D7D8CBED35A3B134F70AF629 /* PinWindowController.swift */,
				B37792651177A8B4BE6C7D58 /* PinWindowView.swift */,
				7850F69DFE578C8040AAD6AE /* SpacePinApp.swift */,
			);
			name = SpacePin;
			path = SpacePin;
			sourceTree = "<group>";
		};
		89C6AEE7ABCBDEBE88878E05 /* Frameworks */ = {
			isa = PBXGroup;
			children = (
				7A4A3197692D12D4F5665087 /* OS X */,
			);
			name = Frameworks;
			sourceTree = "<group>";
		};
		9024EBEF3B8EF762D653AF92 /* SpacePinCore */ = {
			isa = PBXGroup;
			children = (
				5269DA71AF394CECEEBEDF41 /* ImageAssetStore.swift */,
				87500930248A7395117C73BF /* PinRecord.swift */,
				FEDC634999578665DDA8F220 /* PinRepository.swift */,
				8182E7CDFB9087C0EA28FCC7 /* SpacePinPaths.swift */,
			);
			name = SpacePinCore;
			path = SpacePinCore;
			sourceTree = "<group>";
		};
		B4C7D26845C39EC4899EF821 /* SpacePinCoreTests */ = {
			isa = PBXGroup;
			children = (
				2B59113989793F902D04728E /* ImageAssetStoreTests.swift */,
				AAEB8D8665B91A0E74B5EA13 /* PinRecordTests.swift */,
				A91E017331666D410EF26F4F /* PinRepositoryTests.swift */,
				E1A23E984C890B99B4A1F089 /* TestSupport.swift */,
			);
			name = SpacePinCoreTests;
			path = SpacePinCoreTests;
			sourceTree = "<group>";
		};
		BBF6CF3C0B2F05BBD5E6A536 /* Sources */ = {
			isa = PBXGroup;
			children = (
				7CCBA409EEFC1B451B2C6965 /* SpacePin */,
				9024EBEF3B8EF762D653AF92 /* SpacePinCore */,
			);
			name = Sources;
			path = Sources;
			sourceTree = "<group>";
		};
		EED52AB5DDBB47F3A496B243 = {
			isa = PBXGroup;
			children = (
				241A9F27A26386679C897D94 /* Products */,
				89C6AEE7ABCBDEBE88878E05 /* Frameworks */,
				BBF6CF3C0B2F05BBD5E6A536 /* Sources */,
				55EF4E7ADC6C94B5A81BF356 /* Tests */,
				6AA0035519344A80A7166186 /* Support */,
			);
			sourceTree = "<group>";
		};
/* End PBXGroup section */

/* Begin PBXHeadersBuildPhase section */
		5EBD32D5406CAE5CE433B3ED /* Headers */ = {
			isa = PBXHeadersBuildPhase;
			buildActionMask = 2147483647;
			files = (
			);
			runOnlyForDeploymentPostprocessing = 0;
		};
/* End PBXHeadersBuildPhase section */

/* Begin PBXNativeTarget section */
		4B732F8A5F9B13DFBDA85A2C /* SpacePinCoreTests */ = {
			isa = PBXNativeTarget;
			buildConfigurationList = 54D562D0078E5849833BB8DF /* Build configuration list for PBXNativeTarget "SpacePinCoreTests" */;
			buildPhases = (
				52122F8378B3AA8EA134B723 /* Sources */,
				4C64B8CFECDD52EFFAD15BB5 /* Frameworks */,
				8D9C8F6922DDE3DF44093633 /* Resources */,
			);
			buildRules = (
			);
			dependencies = (
				715E189D9FF10A8DA835E98F /* PBXTargetDependency */,
			);
			name = SpacePinCoreTests;
			productName = SpacePinCoreTests;
			productReference = D975E387069B3273E3572161 /* SpacePinCoreTests.xctest */;
			productType = "com.apple.product-type.bundle.unit-test";
		};
		A1FD1C9911C64870FAF9B44E /* SpacePinCore */ = {
			isa = PBXNativeTarget;
			buildConfigurationList = BB4FC7E1259D99C654D3B00D /* Build configuration list for PBXNativeTarget "SpacePinCore" */;
			buildPhases = (
				5EBD32D5406CAE5CE433B3ED /* Headers */,
				75A216CA94BF2E69F8336B43 /* Sources */,
				659DD426744DA4690BB17706 /* Frameworks */,
			);
			buildRules = (
			);
			dependencies = (
			);
			name = SpacePinCore;
			productName = SpacePinCore;
			productReference = BAD2CEC83D42E70DBB8B9600 /* libSpacePinCore.a */;
			productType = "com.apple.product-type.library.static";
		};
		D7E3882BB4E92C5F7371D882 /* SpacePin */ = {
			isa = PBXNativeTarget;
			buildConfigurationList = 9251079A51187DEEB1903E9D /* Build configuration list for PBXNativeTarget "SpacePin" */;
			buildPhases = (
				95FA8BB93BE68D191137342B /* Sources */,
				C77DE3ECE9B88BB8DDDBAB73 /* Frameworks */,
				A6C441C9EB73B46009396B54 /* Resources */,
			);
			buildRules = (
			);
			dependencies = (
				7BDA9DFE6FD85114CB2337D8 /* PBXTargetDependency */,
			);
			name = SpacePin;
			productName = SpacePin;
			productReference = A0E93ECEB57FAB8AE4E0BAC3 /* SpacePin.app */;
			productType = "com.apple.product-type.application";
		};
/* End PBXNativeTarget section */

/* Begin PBXProject section */
		08A626C4E0618E8D22793C7F /* Project object */ = {
			isa = PBXProject;
			attributes = {
				LastSwiftUpdateCheck = 1600;
				LastUpgradeCheck = 1620;
			};
			buildConfigurationList = C3131D91B5A18350EB437B25 /* Build configuration list for PBXProject "SpacePin" */;
			compatibilityVersion = "Xcode 3.2";
			developmentRegion = en;
			hasScannedForEncodings = 0;
			knownRegions = (
				en,
				Base,
			);
			mainGroup = EED52AB5DDBB47F3A496B243;
			minimizedProjectReferenceProxies = 0;
			preferredProjectObjectVersion = 77;
			productRefGroup = 241A9F27A26386679C897D94 /* Products */;
			projectDirPath = "";
			projectRoot = "";
			targets = (
				D7E3882BB4E92C5F7371D882 /* SpacePin */,
				A1FD1C9911C64870FAF9B44E /* SpacePinCore */,
				4B732F8A5F9B13DFBDA85A2C /* SpacePinCoreTests */,
			);
		};
/* End PBXProject section */

/* Begin PBXResourcesBuildPhase section */
		8D9C8F6922DDE3DF44093633 /* Resources */ = {
			isa = PBXResourcesBuildPhase;
			buildActionMask = 2147483647;
			files = (
			);
			runOnlyForDeploymentPostprocessing = 0;
		};
		A6C441C9EB73B46009396B54 /* Resources */ = {
			isa = PBXResourcesBuildPhase;
			buildActionMask = 2147483647;
			files = (
				4C4F1DD3D81F1275F2889734 /* Assets.xcassets in Resources */,
				CB4EF96CC97B55345F76E22D /* AppIcon.icon in Resources */,
				14F7ED00FD5EE86D423BA44F /* AppIcon.icns in Resources */,
				EB86A593C8C9636A129E3D6A /* localizations.json in Resources */,
			);
			runOnlyForDeploymentPostprocessing = 0;
		};
/* End PBXResourcesBuildPhase section */

/* Begin PBXSourcesBuildPhase section */
		52122F8378B3AA8EA134B723 /* Sources */ = {
			isa = PBXSourcesBuildPhase;
			buildActionMask = 2147483647;
			files = (
				2CFEF6FF2C99D4BCB9F25537 /* ImageAssetStoreTests.swift in Sources */,
				5D0D1032FE6C60306B7D7676 /* PinRecordTests.swift in Sources */,
				5B05C779CBC38EF12EF5D315 /* PinRepositoryTests.swift in Sources */,
				81033074567364C52B0A6708 /* TestSupport.swift in Sources */,
			);
			runOnlyForDeploymentPostprocessing = 0;
		};
		75A216CA94BF2E69F8336B43 /* Sources */ = {
			isa = PBXSourcesBuildPhase;
			buildActionMask = 2147483647;
			files = (
				F0A91D4ECEF5DF5C41D839D1 /* ImageAssetStore.swift in Sources */,
				0BBEE589A5D717B0F99F27F6 /* PinRecord.swift in Sources */,
				B836E7CC07911144586E0707 /* PinRepository.swift in Sources */,
				4587B00F676F129688B01268 /* SpacePinPaths.swift in Sources */,
			);
			runOnlyForDeploymentPostprocessing = 0;
		};
		95FA8BB93BE68D191137342B /* Sources */ = {
			isa = PBXSourcesBuildPhase;
			buildActionMask = 2147483647;
			files = (
				785C4760A24D91548DCF8ADA /* AppCoordinator.swift in Sources */,
				492E37881CA074D1F42108EA /* Localization.swift in Sources */,
				1DBBABF06D0F0E45AD8C7EC6 /* ManagerView.swift in Sources */,
				A3D67859327A2BA2007EC02B /* ManagerWindowController.swift in Sources */,
				85118260B88055A95480BCC9 /* NoteTheme.swift in Sources */,
				9E238EC9D7C5F2A80E4FF09C /* PinItem.swift in Sources */,
				0A2030AA74B95F0A8A3110FF /* PinPanel.swift in Sources */,
				CB996DD4E617A31439E24830 /* PinWindowController.swift in Sources */,
				7E130E00FD7E19EFD4473389 /* PinWindowView.swift in Sources */,
				282097D896800856FED2CEE6 /* SpacePinApp.swift in Sources */,
			);
			runOnlyForDeploymentPostprocessing = 0;
		};
/* End PBXSourcesBuildPhase section */

/* Begin PBXTargetDependency section */
		715E189D9FF10A8DA835E98F /* PBXTargetDependency */ = {
			isa = PBXTargetDependency;
			name = SpacePinCore;
			target = A1FD1C9911C64870FAF9B44E /* SpacePinCore */;
			targetProxy = 79C186F8B468F1673FB0F517 /* PBXContainerItemProxy */;
		};
		7BDA9DFE6FD85114CB2337D8 /* PBXTargetDependency */ = {
			isa = PBXTargetDependency;
			name = SpacePinCore;
			target = A1FD1C9911C64870FAF9B44E /* SpacePinCore */;
			targetProxy = AF20918FE9DC412C28072AD5 /* PBXContainerItemProxy */;
		};
/* End PBXTargetDependency section */

/* Begin XCBuildConfiguration section */
		1EA7FEF235C2B334D3AB0876 /* Debug */ = {
			isa = XCBuildConfiguration;
			buildSettings = {
				ASSETCATALOG_COMPILER_APPICON_NAME = AppIcon;
				ASSETCATALOG_COMPILER_GLOBAL_ACCENT_COLOR_NAME = AccentColor;
				ASSETCATALOG_COMPILER_INCLUDE_ALL_APPICON_ASSETS = YES;
				CLANG_ENABLE_MODULES = YES;
				CODE_SIGNING_ALLOWED = YES;
				CODE_SIGN_ENTITLEMENTS = Support/SpacePin.entitlements;
				CODE_SIGN_STYLE = Automatic;
				COMBINE_HIDPI_IMAGES = YES;
				CURRENT_PROJECT_VERSION = 2;
				DEVELOPMENT_TEAM = TQW4K2Z6UW;
				ENABLE_HARDENED_RUNTIME = YES;
				INFOPLIST_FILE = "Support/SpacePin-Info.plist";
				LD_RUNPATH_SEARCH_PATHS = "$(inherited) @executable_path/../Frameworks";
				MACOSX_DEPLOYMENT_TARGET = 13.0;
				MARKETING_VERSION = 1.0.1;
				PRODUCT_BUNDLE_IDENTIFIER = com.zoochigames.spacepin;
				PRODUCT_NAME = "$(TARGET_NAME)";
				SDKROOT = macosx;
				SKIP_INSTALL = NO;
				SWIFT_VERSION = 6.0;
			};
			name = Debug;
		};
		23F036F6E462D7BC7BBFC1BC /* Debug */ = {
			isa = XCBuildConfiguration;
			buildSettings = {
				ALWAYS_SEARCH_USER_PATHS = NO;
				CLANG_ANALYZER_NONNULL = YES;
				CLANG_ANALYZER_NUMBER_OBJECT_CONVERSION = YES_AGGRESSIVE;
				CLANG_CXX_LANGUAGE_STANDARD = "gnu++14";
				CLANG_CXX_LIBRARY = "libc++";
				CLANG_ENABLE_MODULES = YES;
				CLANG_ENABLE_OBJC_ARC = YES;
				CLANG_ENABLE_OBJC_WEAK = YES;
				CLANG_WARN_BLOCK_CAPTURE_AUTORELEASING = YES;
				CLANG_WARN_BOOL_CONVERSION = YES;
				CLANG_WARN_COMMA = YES;
				CLANG_WARN_CONSTANT_CONVERSION = YES;
				CLANG_WARN_DEPRECATED_OBJC_IMPLEMENTATIONS = YES;
				CLANG_WARN_DIRECT_OBJC_ISA_USAGE = YES_ERROR;
				CLANG_WARN_DOCUMENTATION_COMMENTS = YES;
				CLANG_WARN_EMPTY_BODY = YES;
				CLANG_WARN_ENUM_CONVERSION = YES;
				CLANG_WARN_INFINITE_RECURSION = YES;
				CLANG_WARN_INT_CONVERSION = YES;
				CLANG_WARN_NON_LITERAL_NULL_CONVERSION = YES;
				CLANG_WARN_OBJC_IMPLICIT_RETAIN_SELF = YES;
				CLANG_WARN_OBJC_LITERAL_CONVERSION = YES;
				CLANG_WARN_OBJC_ROOT_CLASS = YES_ERROR;
				CLANG_WARN_QUOTED_INCLUDE_IN_FRAMEWORK_HEADER = YES;
				CLANG_WARN_RANGE_LOOP_ANALYSIS = YES;
				CLANG_WARN_STRICT_PROTOTYPES = YES;
				CLANG_WARN_SUSPICIOUS_MOVE = YES;
				CLANG_WARN_UNGUARDED_AVAILABILITY = YES_AGGRESSIVE;
				CLANG_WARN_UNREACHABLE_CODE = YES;
				CLANG_WARN__DUPLICATE_METHOD_MATCH = YES;
				CODE_SIGN_STYLE = Automatic;
				COPY_PHASE_STRIP = NO;
				DEBUG_INFORMATION_FORMAT = dwarf;
				ENABLE_STRICT_OBJC_MSGSEND = YES;
				ENABLE_TESTABILITY = YES;
				GCC_C_LANGUAGE_STANDARD = gnu11;
				GCC_DYNAMIC_NO_PIC = NO;
				GCC_NO_COMMON_BLOCKS = YES;
				GCC_OPTIMIZATION_LEVEL = 0;
				GCC_PREPROCESSOR_DEFINITIONS = (
					"DEBUG=1",
					"$(inherited)",
				);
				GCC_WARN_64_TO_32_BIT_CONVERSION = YES;
				GCC_WARN_ABOUT_RETURN_TYPE = YES_ERROR;
				GCC_WARN_UNDECLARED_SELECTOR = YES;
				GCC_WARN_UNINITIALIZED_AUTOS = YES_AGGRESSIVE;
				GCC_WARN_UNUSED_FUNCTION = YES;
				GCC_WARN_UNUSED_VARIABLE = YES;
				MACOSX_DEPLOYMENT_TARGET = 13.0;
				MTL_ENABLE_DEBUG_INFO = INCLUDE_SOURCE;
				MTL_FAST_MATH = YES;
				ONLY_ACTIVE_ARCH = YES;
				PRODUCT_NAME = "$(TARGET_NAME)";
				SWIFT_ACTIVE_COMPILATION_CONDITIONS = DEBUG;
				SWIFT_OPTIMIZATION_LEVEL = "-Onone";
				SWIFT_VERSION = 6.0;
			};
			name = Debug;
		};
		2B9CBD495B810D8F70BAEE28 /* Release */ = {
			isa = XCBuildConfiguration;
			buildSettings = {
				ASSETCATALOG_COMPILER_APPICON_NAME = AppIcon;
				ASSETCATALOG_COMPILER_GLOBAL_ACCENT_COLOR_NAME = AccentColor;
				ASSETCATALOG_COMPILER_INCLUDE_ALL_APPICON_ASSETS = YES;
				CLANG_ENABLE_MODULES = YES;
				CODE_SIGNING_ALLOWED = YES;
				CODE_SIGN_ENTITLEMENTS = Support/SpacePin.entitlements;
				CODE_SIGN_STYLE = Automatic;
				COMBINE_HIDPI_IMAGES = YES;
				CURRENT_PROJECT_VERSION = 2;
				DEVELOPMENT_TEAM = TQW4K2Z6UW;
				ENABLE_HARDENED_RUNTIME = YES;
				INFOPLIST_FILE = "Support/SpacePin-Info.plist";
				LD_RUNPATH_SEARCH_PATHS = "$(inherited) @executable_path/../Frameworks";
				MACOSX_DEPLOYMENT_TARGET = 13.0;
				MARKETING_VERSION = 1.0.1;
				PRODUCT_BUNDLE_IDENTIFIER = com.zoochigames.spacepin;
				PRODUCT_NAME = "$(TARGET_NAME)";
				SDKROOT = macosx;
				SKIP_INSTALL = NO;
				SWIFT_VERSION = 6.0;
			};
			name = Release;
		};
		3DAC8470F3C424C68D01DD6B /* Release */ = {
			isa = XCBuildConfiguration;
			buildSettings = {
				BUNDLE_LOADER = "";
				CLANG_ENABLE_MODULES = YES;
				CODE_SIGNING_ALLOWED = NO;
				CODE_SIGN_STYLE = Automatic;
				CURRENT_PROJECT_VERSION = 2;
				DEVELOPMENT_TEAM = TQW4K2Z6UW;
				ENABLE_HARDENED_RUNTIME = YES;
				GENERATE_INFOPLIST_FILE = YES;
				MACOSX_DEPLOYMENT_TARGET = 13.0;
				MARKETING_VERSION = 1.0.1;
				PRODUCT_BUNDLE_IDENTIFIER = com.zoochigames.spacepin.tests;
				PRODUCT_NAME = "$(TARGET_NAME)";
				SDKROOT = macosx;
				SKIP_INSTALL = YES;
				SWIFT_VERSION = 6.0;
				TEST_HOST = "";
			};
			name = Release;
		};
		4C61DEB48813F9A90B7FC7C6 /* Release */ = {
			isa = XCBuildConfiguration;
			buildSettings = {
				ALWAYS_SEARCH_USER_PATHS = NO;
				CLANG_ANALYZER_NONNULL = YES;
				CLANG_ANALYZER_NUMBER_OBJECT_CONVERSION = YES_AGGRESSIVE;
				CLANG_CXX_LANGUAGE_STANDARD = "gnu++14";
				CLANG_CXX_LIBRARY = "libc++";
				CLANG_ENABLE_MODULES = YES;
				CLANG_ENABLE_OBJC_ARC = YES;
				CLANG_ENABLE_OBJC_WEAK = YES;
				CLANG_WARN_BLOCK_CAPTURE_AUTORELEASING = YES;
				CLANG_WARN_BOOL_CONVERSION = YES;
				CLANG_WARN_COMMA = YES;
				CLANG_WARN_CONSTANT_CONVERSION = YES;
				CLANG_WARN_DEPRECATED_OBJC_IMPLEMENTATIONS = YES;
				CLANG_WARN_DIRECT_OBJC_ISA_USAGE = YES_ERROR;
				CLANG_WARN_DOCUMENTATION_COMMENTS = YES;
				CLANG_WARN_EMPTY_BODY = YES;
				CLANG_WARN_ENUM_CONVERSION = YES;
				CLANG_WARN_INFINITE_RECURSION = YES;
				CLANG_WARN_INT_CONVERSION = YES;
				CLANG_WARN_NON_LITERAL_NULL_CONVERSION = YES;
				CLANG_WARN_OBJC_IMPLICIT_RETAIN_SELF = YES;
				CLANG_WARN_OBJC_LITERAL_CONVERSION = YES;
				CLANG_WARN_OBJC_ROOT_CLASS = YES_ERROR;
				CLANG_WARN_QUOTED_INCLUDE_IN_FRAMEWORK_HEADER = YES;
				CLANG_WARN_RANGE_LOOP_ANALYSIS = YES;
				CLANG_WARN_STRICT_PROTOTYPES = YES;
				CLANG_WARN_SUSPICIOUS_MOVE = YES;
				CLANG_WARN_UNGUARDED_AVAILABILITY = YES_AGGRESSIVE;
				CLANG_WARN_UNREACHABLE_CODE = YES;
				CLANG_WARN__DUPLICATE_METHOD_MATCH = YES;
				CODE_SIGN_STYLE = Automatic;
				COPY_PHASE_STRIP = NO;
				DEBUG_INFORMATION_FORMAT = "dwarf-with-dsym";
				ENABLE_NS_ASSERTIONS = NO;
				ENABLE_STRICT_OBJC_MSGSEND = YES;
				GCC_C_LANGUAGE_STANDARD = gnu11;
				GCC_NO_COMMON_BLOCKS = YES;
				GCC_WARN_64_TO_32_BIT_CONVERSION = YES;
				GCC_WARN_ABOUT_RETURN_TYPE = YES_ERROR;
				GCC_WARN_UNDECLARED_SELECTOR = YES;
				GCC_WARN_UNINITIALIZED_AUTOS = YES_AGGRESSIVE;
				GCC_WARN_UNUSED_FUNCTION = YES;
				GCC_WARN_UNUSED_VARIABLE = YES;
				MACOSX_DEPLOYMENT_TARGET = 13.0;
				MTL_ENABLE_DEBUG_INFO = NO;
				MTL_FAST_MATH = YES;
				PRODUCT_NAME = "$(TARGET_NAME)";
				SWIFT_COMPILATION_MODE = wholemodule;
				SWIFT_OPTIMIZATION_LEVEL = "-O";
				SWIFT_VERSION = 6.0;
			};
			name = Release;
		};
		B608E02D552D2A3578FB85EE /* Release */ = {
			isa = XCBuildConfiguration;
			buildSettings = {
				CLANG_ENABLE_MODULES = YES;
				CODE_SIGNING_ALLOWED = YES;
				CODE_SIGN_STYLE = Automatic;
				CURRENT_PROJECT_VERSION = 2;
				DEFINES_MODULE = YES;
				DEVELOPMENT_TEAM = TQW4K2Z6UW;
				ENABLE_HARDENED_RUNTIME = YES;
				EXECUTABLE_PREFIX = lib;
				MACH_O_TYPE = staticlib;
				MACOSX_DEPLOYMENT_TARGET = 13.0;
				MARKETING_VERSION = 1.0.1;
				PRODUCT_BUNDLE_IDENTIFIER = com.zoochigames.spacepin.core;
				PRODUCT_NAME = "$(TARGET_NAME)";
				SDKROOT = macosx;
				SKIP_INSTALL = YES;
				SWIFT_VERSION = 6.0;
			};
			name = Release;
		};
		D1C8DA3DC95B76C4BFF178E2 /* Debug */ = {
			isa = XCBuildConfiguration;
			buildSettings = {
				CLANG_ENABLE_MODULES = YES;
				CODE_SIGNING_ALLOWED = YES;
				CODE_SIGN_STYLE = Automatic;
				CURRENT_PROJECT_VERSION = 2;
				DEFINES_MODULE = YES;
				DEVELOPMENT_TEAM = TQW4K2Z6UW;
				ENABLE_HARDENED_RUNTIME = YES;
				EXECUTABLE_PREFIX = lib;
				MACH_O_TYPE = staticlib;
				MACOSX_DEPLOYMENT_TARGET = 13.0;
				MARKETING_VERSION = 1.0.1;
				PRODUCT_BUNDLE_IDENTIFIER = com.zoochigames.spacepin.core;
				PRODUCT_NAME = "$(TARGET_NAME)";
				SDKROOT = macosx;
				SKIP_INSTALL = YES;
				SWIFT_VERSION = 6.0;
			};
			name = Debug;
		};
		E82CDCC0F367CBFD6CF775C2 /* Debug */ = {
			isa = XCBuildConfiguration;
			buildSettings = {
				BUNDLE_LOADER = "";
				CLANG_ENABLE_MODULES = YES;
				CODE_SIGNING_ALLOWED = NO;
				CODE_SIGN_STYLE = Automatic;
				CURRENT_PROJECT_VERSION = 2;
				DEVELOPMENT_TEAM = TQW4K2Z6UW;
				ENABLE_HARDENED_RUNTIME = YES;
				GENERATE_INFOPLIST_FILE = YES;
				MACOSX_DEPLOYMENT_TARGET = 13.0;
				MARKETING_VERSION = 1.0.1;
				PRODUCT_BUNDLE_IDENTIFIER = com.zoochigames.spacepin.tests;
				PRODUCT_NAME = "$(TARGET_NAME)";
				SDKROOT = macosx;
				SKIP_INSTALL = YES;
				SWIFT_VERSION = 6.0;
				TEST_HOST = "";
			};
			name = Debug;
		};
/* End XCBuildConfiguration section */

/* Begin XCConfigurationList section */
		54D562D0078E5849833BB8DF /* Build configuration list for PBXNativeTarget "SpacePinCoreTests" */ = {
			isa = XCConfigurationList;
			buildConfigurations = (
				3DAC8470F3C424C68D01DD6B /* Release */,
				E82CDCC0F367CBFD6CF775C2 /* Debug */,
			);
			defaultConfigurationIsVisible = 0;
			defaultConfigurationName = Release;
		};
		9251079A51187DEEB1903E9D /* Build configuration list for PBXNativeTarget "SpacePin" */ = {
			isa = XCConfigurationList;
			buildConfigurations = (
				2B9CBD495B810D8F70BAEE28 /* Release */,
				1EA7FEF235C2B334D3AB0876 /* Debug */,
			);
			defaultConfigurationIsVisible = 0;
			defaultConfigurationName = Release;
		};
		BB4FC7E1259D99C654D3B00D /* Build configuration list for PBXNativeTarget "SpacePinCore" */ = {
			isa = XCConfigurationList;
			buildConfigurations = (
				B608E02D552D2A3578FB85EE /* Release */,
				D1C8DA3DC95B76C4BFF178E2 /* Debug */,
			);
			defaultConfigurationIsVisible = 0;
			defaultConfigurationName = Release;
		};
		C3131D91B5A18350EB437B25 /* Build configuration list for PBXProject "SpacePin" */ = {
			isa = XCConfigurationList;
			buildConfigurations = (
				23F036F6E462D7BC7BBFC1BC /* Debug */,
				4C61DEB48813F9A90B7FC7C6 /* Release */,
			);
			defaultConfigurationIsVisible = 0;
			defaultConfigurationName = Release;
		};
/* End XCConfigurationList section */
	};
	rootObject = 08A626C4E0618E8D22793C7F /* Project object */;
}
